
Microsoft Visual Studio Solution File, Format Version 12.00
# Visual Studio 15
VisualStudioVersion = 15.0.28010.2036
MinimumVisualStudioVersion = 10.0.40219.1
Project("{FAE04EC0-301F-11D3-BF4B-00C04F79EFBC}") = "hm_collections", "hm_collections\hm_collections.csproj", "{0DB04E1E-5DA8-4A31-B25E-88D4E370484B}"
EndProject
Global
	GlobalSection(SolutionConfigurationPlatforms) = preSolution
		Debug|Any CPU = Debug|Any CPU
		Release|Any CPU = Release|Any CPU
	EndGlobalSection
	GlobalSection(ProjectConfigurationPlatforms) = postSolution
		{0DB04E1E-5DA8-4A31-B25E-88D4E370484B}.Debug|Any CPU.ActiveCfg = Debug|Any CPU
		{0DB04E1E-5DA8-4A31-B25E-88D4E370484B}.Debug|Any CPU.Build.0 = Debug|Any CPU
		{0DB04E1E-5DA8-4A31-B25E-88D4E370484B}.Release|Any CPU.ActiveCfg = Release|Any CPU
		{0DB04E1E-5DA8-4A31-B25E-88D4E370484B}.Release|Any CPU.Build.0 = Release|Any CPU
	EndGlobalSection
	GlobalSection(SolutionProperties) = preSolution
		HideSolutionNode = FALSE
	EndGlobalSection
	GlobalSection(ExtensibilityGlobals) = postSolution
		SolutionGuid = {071F747B-A95B-4F75-88B5-37FF10B86819}
	EndGlobalSection
EndGlobal
